// !$*UTF8*$!
{
	archiveVersion = 1;
	classes = {
	};
	objectVersion = 46;
	objects = {

/* Begin PBXBuildFile section */
		7F4DF9D61C151947004F5C62 /* main.m in Sources */ = {isa = PBXBuildFile; fileRef = 7F4DF9D51C151947004F5C62 /* main.m */; };
		7F4DF9D91C151947004F5C62 /* AppDelegate.m in Sources */ = {isa = PBXBuildFile; fileRef = 7F4DF9D81C151947004F5C62 /* AppDelegate.m */; };
		7F4DF9DC1C151947004F5C62 /* ViewController.m in Sources */ = {isa = PBXBuildFile; fileRef = 7F4DF9DB1C151947004F5C62 /* ViewController.m */; };
		7F4DF9DF1C151947004F5C62 /* Main.storyboard in Resources */ = {isa = PBXBuildFile; fileRef = 7F4DF9DD1C151947004F5C62 /* Main.storyboard */; };
		7F4DF9E11C151947004F5C62 /* Assets.xcassets in Resources */ = {isa = PBXBuildFile; fileRef = 7F4DF9E01C151947004F5C62 /* Assets.xcassets */; };
		7F4DF9E41C151947004F5C62 /* LaunchScreen.storyboard in Resources */ = {isa = PBXBuildFile; fileRef = 7F4DF9E21C151947004F5C62 /* LaunchScreen.storyboard */; };
		7F4DF9EF1C151947004F5C62 /* CurrencyConverterTests.m in Sources */ = {isa = PBXBuildFile; fileRef = 7F4DF9EE1C151947004F5C62 /* CurrencyConverterTests.m */; };
		7F4DF9FA1C151947004F5C62 /* CurrencyConverterUITests.m in Sources */ = {isa = PBXBuildFile; fileRef = 7F4DF9F91C151947004F5C62 /* CurrencyConverterUITests.m */; };
		7FC4F59A1C16134900944C82 /* CountryPickerViewController.m in Sources */ = {isa = PBXBuildFile; fileRef = 7FC4F5991C16134900944C82 /* CountryPickerViewController.m */; };
/* End PBXBuildFile section */

/* Begin PBXContainerItemProxy section */
		7F4DF9EB1C151947004F5C62 /* PBXContainerItemProxy */ = {
			isa = PBXContainerItemProxy;
			containerPortal = 7F4DF9C91C151947004F5C62 /* Project object */;
			proxyType = 1;
			remoteGlobalIDString = 7F4DF9D01C151947004F5C62;
			remoteInfo = CurrencyConverter;
		};
		7F4DF9F61C151947004F5C62 /* PBXContainerItemProxy */ = {
			isa = PBXContainerItemProxy;
			containerPortal = 7F4DF9C91C151947004F5C62 /* Project object */;
			proxyType = 1;
			remoteGlobalIDString = 7F4DF9D01C151947004F5C62;
			remoteInfo = CurrencyConverter;
		};
/* End PBXContainerItemProxy section */

/* Begin PBXFileReference section */
		7F4DF9D11C151947004F5C62 /* CurrencyConverter.app */ = {isa = PBXFileReference; explicitFileType = wrapper.application; includeInIndex = 0; path = CurrencyConverter.app; sourceTree = BUILT_PRODUCTS_DIR; };
		7F4DF9D51C151947004F5C62 /* main.m */ = {isa = PBXFileReference; lastKnownFileType = sourcecode.c.objc; path = main.m; sourceTree = "<group>"; };
		7F4DF9D71C151947004F5C62 /* AppDelegate.h */ = {isa = PBXFileReference; lastKnownFileType = sourcecode.c.h; path = AppDelegate.h; sourceTree = "<group>"; };
		7F4DF9D81C151947004F5C62 /* AppDelegate.m */ = {isa = PBXFileReference; lastKnownFileType = sourcecode.c.objc; path = AppDelegate.m; sourceTree = "<group>"; };
		7F4DF9DA1C151947004F5C62 /* ViewController.h */ = {isa = PBXFileReference; lastKnownFileType = sourcecode.c.h; path = ViewController.h; sourceTree = "<group>"; };
		7F4DF9DB1C151947004F5C62 /* ViewController.m */ = {isa = PBXFileReference; lastKnownFileType = sourcecode.c.objc; path = ViewController.m; sourceTree = "<group>"; };
		7F4DF9DE1C151947004F5C62 /* Base */ = {isa = PBXFileReference; lastKnownFileType = file.storyboard; name = Base; path = Base.lproj/Main.storyboard; sourceTree = "<group>"; };
		7F4DF9E01C151947004F5C62 /* Assets.xcassets */ = {isa = PBXFileReference; lastKnownFileType = folder.assetcatalog; path = Assets.xcassets; sourceTree = "<group>"; };
		7F4DF9E31C151947004F5C62 /* Base */ = {isa = PBXFileReference; lastKnownFileType = file.storyboard; name = Base; path = Base.lproj/LaunchScreen.storyboard; sourceTree = "<group>"; };
		7F4DF9E51C151947004F5C62 /* Info.plist */ = {isa = PBXFileReference; lastKnownFileType = text.plist.xml; path = Info.plist; sourceTree = "<group>"; };
		7F4DF9EA1C151947004F5C62 /* CurrencyConverterTests.xctest */ = {isa = PBXFileReference; explicitFileType = wrapper.cfbundle; includeInIndex = 0; path = CurrencyConverterTests.xctest; sourceTree = BUILT_PRODUCTS_DIR; };
		7F4DF9EE1C151947004F5C62 /* CurrencyConverterTests.m */ = {isa = PBXFileReference; lastKnownFileType = sourcecode.c.objc; path = CurrencyConverterTests.m; sourceTree = "<group>"; };
		7F4DF9F01C151947004F5C62 /* Info.plist */ = {isa = PBXFileReference; lastKnownFileType = text.plist.xml; path = Info.plist; sourceTree = "<group>"; };
		7F4DF9F51C151947004F5C62 /* CurrencyConverterUITests.xctest */ = {isa = PBXFileReference; explicitFileType = wrapper.cfbundle; includeInIndex = 0; path = CurrencyConverterUITests.xctest; sourceTree = BUILT_PRODUCTS_DIR; };
		7F4DF9F91C151947004F5C62 /* CurrencyConverterUITests.m */ = {isa = PBXFileReference; lastKnownFileType = sourcecode.c.objc; path = CurrencyConverterUITests.m; sourceTree = "<group>"; };
		7F4DF9FB1C151947004F5C62 /* Info.plist */ = {isa = PBXFileReference; lastKnownFileType = text.plist.xml; path = Info.plist; sourceTree = "<group>"; };
		7FC4F5981C16134900944C82 /* CountryPickerViewController.h */ = {isa = PBXFileReference; fileEncoding = 4; lastKnownFileType = sourcecode.c.h; path = CountryPickerViewController.h; sourceTree = "<group>"; };
		7FC4F5991C16134900944C82 /* CountryPickerViewController.m */ = {isa = PBXFileReference; fileEncoding = 4; lastKnownFileType = sourcecode.c.objc; path = CountryPickerViewController.m; sourceTree = "<group>"; };
/* End PBXFileReference section */

/* Begin PBXFrameworksBuildPhase section */
		7F4DF9CE1C151947004F5C62 /* Frameworks */ = {
			isa = PBXFrameworksBuildPhase;
			buildActionMask = 2147483647;
			files = (
			);
			runOnlyForDeploymentPostprocessing = 0;
		};
		7F4DF9E71C151947004F5C62 /* Frameworks */ = {
			isa = PBXFrameworksBuildPhase;
			buildActionMask = 2147483647;
			files = (
			);
			runOnlyForDeploymentPostprocessing = 0;
		};
		7F4DF9F21C151947004F5C62 /* Frameworks */ = {
			isa = PBXFrameworksBuildPhase;
			buildActionMask = 2147483647;
			files = (
			);
			runOnlyForDeploymentPostprocessing = 0;
		};
/* End PBXFrameworksBuildPhase section */

/* Begin PBXGroup section */
		7F4DF9C81C151947004F5C62 = {
			isa = PBXGroup;
			children = (
				7F4DF9D31C151947004F5C62 /* CurrencyConverter */,
				7F4DF9ED1C151947004F5C62 /* CurrencyConverterTests */,
				7F4DF9F81C151947004F5C62 /* CurrencyConverterUITests */,
				7F4DF9D21C151947004F5C62 /* Products */,
			);
			sourceTree = "<group>";
		};
		7F4DF9D21C151947004F5C62 /* Products */ = {
			isa = PBXGroup;
			children = (
				7F4DF9D11C151947004F5C62 /* CurrencyConverter.app */,
				7F4DF9EA1C151947004F5C62 /* CurrencyConverterTests.xctest */,
				7F4DF9F51C151947004F5C62 /* CurrencyConverterUITests.xctest */,
			);
			name = Products;
			sourceTree = "<group>";
		};
		7F4DF9D31C151947004F5C62 /* CurrencyConverter */ = {
			isa = PBXGroup;
			children = (
				7F4DF9D71C151947004F5C62 /* AppDelegate.h */,
				7F4DF9D81C151947004F5C62 /* AppDelegate.m */,
				7FC4F5981C16134900944C82 /* CountryPickerViewController.h */,
				7FC4F5991C16134900944C82 /* CountryPickerViewController.m */,
				7F4DF9DA1C151947004F5C62 /* ViewController.h */,
				7F4DF9DB1C151947004F5C62 /* ViewController.m */,
				7F4DF9DD1C151947004F5C62 /* Main.storyboard */,
				7F4DF9E01C151947004F5C62 /* Assets.xcassets */,
				7F4DF9E21C151947004F5C62 /* LaunchScreen.storyboard */,
				7F4DF9E51C151947004F5C62 /* Info.plist */,
				7F4DF9D41C151947004F5C62 /* Supporting Files */,
			);
			path = CurrencyConverter;
			sourceTree = "<group>";
		};
		7F4DF9D41C151947004F5C62 /* Supporting Files */ = {
			isa = PBXGroup;
			children = (
				7F4DF9D51C151947004F5C62 /* main.m */,
			);
			name = "Supporting Files";
			sourceTree = "<group>";
		};
		7F4DF9ED1C151947004F5C62 /* CurrencyConverterTests */ = {
			isa = PBXGroup;
			children = (
				7F4DF9EE1C151947004F5C62 /* CurrencyConverterTests.m */,
				7F4DF9F01C151947004F5C62 /* Info.plist */,
			);
			path = CurrencyConverterTests;
			sourceTree = "<group>";
		};
		7F4DF9F81C151947004F5C62 /* CurrencyConverterUITests */ = {
			isa = PBXGroup;
			children = (
				7F4DF9F91C151947004F5C62 /* CurrencyConverterUITests.m */,
				7F4DF9FB1C151947004F5C62 /* Info.plist */,
			);
			path = CurrencyConverterUITests;
			sourceTree = "<group>";
		};
/* End PBXGroup section */

/* Begin PBXNativeTarget section */
		7F4DF9D01C151947004F5C62 /* CurrencyConverter */ = {
			isa = PBXNativeTarget;
			buildConfigurationList = 7F4DF9FE1C151947004F5C62 /* Build configuration list for PBXNativeTarget "CurrencyConverter" */;
			buildPhases = (
				7F4DF9CD1C151947004F5C62 /* Sources */,
				7F4DF9CE1C151947004F5C62 /* Frameworks */,
				7F4DF9CF1C151947004F5C62 /* Resources */,
			);
			buildRules = (
			);
			dependencies = (
			);
			name = CurrencyConverter;
			productName = CurrencyConverter;
			productReference = 7F4DF9D11C151947004F5C62 /* CurrencyConverter.app */;
			productType = "com.apple.product-type.application";
		};
		7F4DF9E91C151947004F5C62 /* CurrencyConverterTests */ = {
			isa = PBXNativeTarget;
			buildConfigurationList = 7F4DFA011C151947004F5C62 /* Build configuration list for PBXNativeTarget "CurrencyConverterTests" */;
			buildPhases = (
				7F4DF9E61C151947004F5C62 /* Sources */,
				7F4DF9E71C151947004F5C62 /* Frameworks */,
				7F4DF9E81C151947004F5C62 /* Resources */,
			);
			buildRules = (
			);
			dependencies = (
				7F4DF9EC1C151947004F5C62 /* PBXTargetDependency */,
			);
			name = CurrencyConverterTests;
			productName = CurrencyConverterTests;
			productReference = 7F4DF9EA1C151947004F5C62 /* CurrencyConverterTests.xctest */;
			productType = "com.apple.product-type.bundle.unit-test";
		};
		7F4DF9F41C151947004F5C62 /* CurrencyConverterUITests */ = {
			isa = PBXNativeTarget;
			buildConfigurationList = 7F4DFA041C151947004F5C62 /* Build configuration list for PBXNativeTarget "CurrencyConverterUITests" */;
			buildPhases = (
				7F4DF9F11C151947004F5C62 /* Sources */,
				7F4DF9F21C151947004F5C62 /* Frameworks */,
				7F4DF9F31C151947004F5C62 /* Resources */,
			);
			buildRules = (
			);
			dependencies = (
				7F4DF9F71C151947004F5C62 /* PBXTargetDependency */,
			);
			name = CurrencyConverterUITests;
			productName = CurrencyConverterUITests;
			productReference = 7F4DF9F51C151947004F5C62 /* CurrencyConverterUITests.xctest */;
			productType = "com.apple.product-type.bundle.ui-testing";
		};
/* End PBXNativeTarget section */

/* Begin PBXProject section */
		7F4DF9C91C151947004F5C62 /* Project object */ = {
			isa = PBXProject;
			attributes = {
				LastUpgradeCheck = 0700;
				ORGANIZATIONNAME = "John Andrews";
				TargetAttributes = {
					7F4DF9D01C151947004F5C62 = {
						CreatedOnToolsVersion = 7.0;
					};
					7F4DF9E91C151947004F5C62 = {
						CreatedOnToolsVersion = 7.0;
						TestTargetID = 7F4DF9D01C151947004F5C62;
					};
					7F4DF9F41C151947004F5C62 = {
						CreatedOnToolsVersion = 7.0;
						TestTargetID = 7F4DF9D01C151947004F5C62;
					};
				};
			};
			buildConfigurationList = 7F4DF9CC1C151947004F5C62 /* Build configuration list for PBXProject "CurrencyConverter" */;
			compatibilityVersion = "Xcode 3.2";
			developmentRegion = English;
			hasScannedForEncodings = 0;
			knownRegions = (
				en,
				Base,
			);
			mainGroup = 7F4DF9C81C151947004F5C62;
			productRefGroup = 7F4DF9D21C151947004F5C62 /* Products */;
			projectDirPath = "";
			projectRoot = "";
			targets = (
				7F4DF9D01C151947004F5C62 /* CurrencyConverter */,
				7F4DF9E91C151947004F5C62 /* CurrencyConverterTests */,
				7F4DF9F41C151947004F5C62 /* CurrencyConverterUITests */,
			);
		};
/* End PBXProject section */

/* Begin PBXResourcesBuildPhase section */
		7F4DF9CF1C151947004F5C62 /* Resources */ = {
			isa = PBXResourcesBuildPhase;
			buildActionMask = 2147483647;
			files = (
				7F4DF9E41C151947004F5C62 /* LaunchScreen.storyboard in Resources */,
				7F4DF9E11C151947004F5C62 /* Assets.xcassets in Resources */,
				7F4DF9DF1C151947004F5C62 /* Main.storyboard in Resources */,
			);
			runOnlyForDeploymentPostprocessing = 0;
		};
		7F4DF9E81C151947004F5C62 /* Resources */ = {
			isa = PBXResourcesBuildPhase;
			buildActionMask = 2147483647;
			files = (
			);
			runOnlyForDeploymentPostprocessing = 0;
		};
		7F4DF9F31C151947004F5C62 /* Resources */ = {
			isa = PBXResourcesBuildPhase;
			buildActionMask = 2147483647;
			files = (
			);
			runOnlyForDeploymentPostprocessing = 0;
		};
/* End PBXResourcesBuildPhase section */

/* Begin PBXSourcesBuildPhase section */
		7F4DF9CD1C151947004F5C62 /* Sources */ = {
			isa = PBXSourcesBuildPhase;
			buildActionMask = 2147483647;
			files = (
				7F4DF9DC1C151947004F5C62 /* ViewController.m in Sources */,
				7FC4F59A1C16134900944C82 /* CountryPickerViewController.m in Sources */,
				7F4DF9D91C151947004F5C62 /* AppDelegate.m in Sources */,
				7F4DF9D61C151947004F5C62 /* main.m in Sources */,
			);
			runOnlyForDeploymentPostprocessing = 0;
		};
		7F4DF9E61C151947004F5C62 /* Sources */ = {
			isa = PBXSourcesBuildPhase;
			buildActionMask = 2147483647;
			files = (
				7F4DF9EF1C151947004F5C62 /* CurrencyConverterTests.m in Sources */,
			);
			runOnlyForDeploymentPostprocessing = 0;
		};
		7F4DF9F11C151947004F5C62 /* Sources */ = {
			isa = PBXSourcesBuildPhase;
			buildActionMask = 2147483647;
			files = (
				7F4DF9FA1C151947004F5C62 /* CurrencyConverterUITests.m in Sources */,
			);
			runOnlyForDeploymentPostprocessing = 0;
		};
/* End PBXSourcesBuildPhase section */

/* Begin PBXTargetDependency section */
		7F4DF9EC1C151947004F5C62 /* PBXTargetDependency */ = {
			isa = PBXTargetDependency;
			target = 7F4DF9D01C151947004F5C62 /* CurrencyConverter */;
			targetProxy = 7F4DF9EB1C151947004F5C62 /* PBXContainerItemProxy */;
		};
		7F4DF9F71C151947004F5C62 /* PBXTargetDependency */ = {
			isa = PBXTargetDependency;
			target = 7F4DF9D01C151947004F5C62 /* CurrencyConverter */;
			targetProxy = 7F4DF9F61C151947004F5C62 /* PBXContainerItemProxy */;
		};
/* End PBXTargetDependency section */

/* Begin PBXVariantGroup section */
		7F4DF9DD1C151947004F5C62 /* Main.storyboard */ = {
			isa = PBXVariantGroup;
			children = (
				7F4DF9DE1C151947004F5C62 /* Base */,
			);
			name = Main.storyboard;
			sourceTree = "<group>";
		};
		7F4DF9E21C151947004F5C62 /* LaunchScreen.storyboard */ = {
			isa = PBXVariantGroup;
			children = (
				7F4DF9E31C151947004F5C62 /* Base */,
			);
			name = LaunchScreen.storyboard;
			sourceTree = "<group>";
		};
/* End PBXVariantGroup section */

/* Begin XCBuildConfiguration section */
		7F4DF9FC1C151947004F5C62 /* Debug */ = {
			isa = XCBuildConfiguration;
			buildSettings = {
				ALWAYS_SEARCH_USER_PATHS = NO;
				CLANG_CXX_LANGUAGE_STANDARD = "gnu++0x";
				CLANG_CXX_LIBRARY = "libc++";
				CLANG_ENABLE_MODULES = YES;
				CLANG_ENABLE_OBJC_ARC = YES;
				CLANG_WARN_BOOL_CONVERSION = YES;
				CLANG_WARN_CONSTANT_CONVERSION = YES;
				CLANG_WARN_DIRECT_OBJC_ISA_USAGE = YES_ERROR;
				CLANG_WARN_EMPTY_BODY = YES;
				CLANG_WARN_ENUM_CONVERSION = YES;
				CLANG_WARN_INT_CONVERSION = YES;
				CLANG_WARN_OBJC_ROOT_CLASS = YES_ERROR;
				CLANG_WARN_UNREACHABLE_CODE = YES;
				CLANG_WARN__DUPLICATE_METHOD_MATCH = YES;
				"CODE_SIGN_IDENTITY[sdk=iphoneos*]" = "iPhone Developer";
				COPY_PHASE_STRIP = NO;
				DEBUG_INFORMATION_FORMAT = dwarf;
				ENABLE_STRICT_OBJC_MSGSEND = YES;
				ENABLE_TESTABILITY = YES;
				GCC_C_LANGUAGE_STANDARD = gnu99;
				GCC_DYNAMIC_NO_PIC = NO;
				GCC_NO_COMMON_BLOCKS = YES;
				GCC_OPTIMIZATION_LEVEL = 0;
				GCC_PREPROCESSOR_DEFINITIONS = (
					"DEBUG=1",
					"$(inherited)",
				);
				GCC_WARN_64_TO_32_BIT_CONVERSION = YES;
				GCC_WARN_ABOUT_RETURN_TYPE = YES_ERROR;
				GCC_WARN_UNDECLARED_SELECTOR = YES;
				GCC_WARN_UNINITIALIZED_AUTOS = YES_AGGRESSIVE;
				GCC_WARN_UNUSED_FUNCTION = YES;
				GCC_WARN_UNUSED_VARIABLE = YES;
				IPHONEOS_DEPLOYMENT_TARGET = 9.0;
				MTL_ENABLE_DEBUG_INFO = YES;
				ONLY_ACTIVE_ARCH = YES;
				SDKROOT = iphoneos;
			};
			name = Debug;
		};
		7F4DF9FD1C151947004F5C62 /* Release */ = {
			isa = XCBuildConfiguration;
			buildSettings = {
				ALWAYS_SEARCH_USER_PATHS = NO;
				CLANG_CXX_LANGUAGE_STANDARD = "gnu++0x";
				CLANG_CXX_LIBRARY = "libc++";
				CLANG_ENABLE_MODULES = YES;
				CLANG_ENABLE_OBJC_ARC = YES;
				CLANG_WARN_BOOL_CONVERSION = YES;
				CLANG_WARN_CONSTANT_CONVERSION = YES;
				CLANG_WARN_DIRECT_OBJC_ISA_USAGE = YES_ERROR;
				CLANG_WARN_EMPTY_BODY = YES;
				CLANG_WARN_ENUM_CONVERSION = YES;
				CLANG_WARN_INT_CONVERSION = YES;
				CLANG_WARN_OBJC_ROOT_CLASS = YES_ERROR;
				CLANG_WARN_UNREACHABLE_CODE = YES;
				CLANG_WARN__DUPLICATE_METHOD_MATCH = YES;
				"CODE_SIGN_IDENTITY[sdk=iphoneos*]" = "iPhone Developer";
				COPY_PHASE_STRIP = NO;
				DEBUG_INFORMATION_FORMAT = "dwarf-with-dsym";
				ENABLE_NS_ASSERTIONS = NO;
				ENABLE_STRICT_OBJC_MSGSEND = YES;
				GCC_C_LANGUAGE_STANDARD = gnu99;
				GCC_NO_COMMON_BLOCKS = YES;
				GCC_WARN_64_TO_32_BIT_CONVERSION = YES;
				GCC_WARN_ABOUT_RETURN_TYPE = YES_ERROR;
				GCC_WARN_UNDECLARED_SELECTOR = YES;
				GCC_WARN_UNINITIALIZED_AUTOS = YES_AGGRESSIVE;
				GCC_WARN_UNUSED_FUNCTION = YES;
				GCC_WARN_UNUSED_VARIABLE = YES;
				IPHONEOS_DEPLOYMENT_TARGET = 9.0;
				MTL_ENABLE_DEBUG_INFO = NO;
				SDKROOT = iphoneos;
				VALIDATE_PRODUCT = YES;
			};
			name = Release;
		};
		7F4DF9FF1C151947004F5C62 /* Debug */ = {
			isa = XCBuildConfiguration;
			buildSettings = {
				ASSETCATALOG_COMPILER_APPICON_NAME = AppIcon;
				INFOPLIST_FILE = CurrencyConverter/Info.plist;
				LD_RUNPATH_SEARCH_PATHS = "$(inherited) @executable_path/Frameworks";
				PRODUCT_BUNDLE_IDENTIFIER = HUGE.CurrencyConverter;
				PRODUCT_NAME = "$(TARGET_NAME)";
			};
			name = Debug;
		};
		7F4DFA001C151947004F5C62 /* Release */ = {
			isa = XCBuildConfiguration;
			buildSettings = {
				ASSETCATALOG_COMPILER_APPICON_NAME = AppIcon;
				INFOPLIST_FILE = CurrencyConverter/Info.plist;
				LD_RUNPATH_SEARCH_PATHS = "$(inherited) @executable_path/Frameworks";
				PRODUCT_BUNDLE_IDENTIFIER = HUGE.CurrencyConverter;
				PRODUCT_NAME = "$(TARGET_NAME)";
			};
			name = Release;
		};
		7F4DFA021C151947004F5C62 /* Debug */ = {
			isa = XCBuildConfiguration;
			buildSettings = {
				BUNDLE_LOADER = "$(TEST_HOST)";
				INFOPLIST_FILE = CurrencyConverterTests/Info.plist;
				LD_RUNPATH_SEARCH_PATHS = "$(inherited) @executable_path/Frameworks @loader_path/Frameworks";
				PRODUCT_BUNDLE_IDENTIFIER = HUGE.CurrencyConverterTests;
				PRODUCT_NAME = "$(TARGET_NAME)";
				TEST_HOST = "$(BUILT_PRODUCTS_DIR)/CurrencyConverter.app/CurrencyConverter";
			};
			name = Debug;
		};
		7F4DFA031C151947004F5C62 /* Release */ = {
			isa = XCBuildConfiguration;
			buildSettings = {
				BUNDLE_LOADER = "$(TEST_HOST)";
				INFOPLIST_FILE = CurrencyConverterTests/Info.plist;
				LD_RUNPATH_SEARCH_PATHS = "$(inherited) @executable_path/Frameworks @loader_path/Frameworks";
				PRODUCT_BUNDLE_IDENTIFIER = HUGE.CurrencyConverterTests;
				PRODUCT_NAME = "$(TARGET_NAME)";
				TEST_HOST = "$(BUILT_PRODUCTS_DIR)/CurrencyConverter.app/CurrencyConverter";
			};
			name = Release;
		};
		7F4DFA051C151947004F5C62 /* Debug */ = {
			isa = XCBuildConfiguration;
			buildSettings = {
				INFOPLIST_FILE = CurrencyConverterUITests/Info.plist;
				LD_RUNPATH_SEARCH_PATHS = "$(inherited) @executable_path/Frameworks @loader_path/Frameworks";
				PRODUCT_BUNDLE_IDENTIFIER = HUGE.CurrencyConverterUITests;
				PRODUCT_NAME = "$(TARGET_NAME)";
				TEST_TARGET_NAME = CurrencyConverter;
				USES_XCTRUNNER = YES;
			};
			name = Debug;
		};
		7F4DFA061C151947004F5C62 /* Release */ = {
			isa = XCBuildConfiguration;
			buildSettings = {
				INFOPLIST_FILE = CurrencyConverterUITests/Info.plist;
				LD_RUNPATH_SEARCH_PATHS = "$(inherited) @executable_path/Frameworks @loader_path/Frameworks";
				PRODUCT_BUNDLE_IDENTIFIER = HUGE.CurrencyConverterUITests;
				PRODUCT_NAME = "$(TARGET_NAME)";
				TEST_TARGET_NAME = CurrencyConverter;
				USES_XCTRUNNER = YES;
			};
			name = Release;
		};
/* End XCBuildConfiguration section */

/* Begin XCConfigurationList section */
		7F4DF9CC1C151947004F5C62 /* Build configuration list for PBXProject "CurrencyConverter" */ = {
			isa = XCConfigurationList;
			buildConfigurations = (
				7F4DF9FC1C151947004F5C62 /* Debug */,
				7F4DF9FD1C151947004F5C62 /* Release */,
			);
			defaultConfigurationIsVisible = 0;
			defaultConfigurationName = Release;
		};
		7F4DF9FE1C151947004F5C62 /* Build configuration list for PBXNativeTarget "CurrencyConverter" */ = {
			isa = XCConfigurationList;
			buildConfigurations = (
				7F4DF9FF1C151947004F5C62 /* Debug */,
				7F4DFA001C151947004F5C62 /* Release */,
			);
			defaultConfigurationIsVisible = 0;
			defaultConfigurationName = Release;
		};
		7F4DFA011C151947004F5C62 /* Build configuration list for PBXNativeTarget "CurrencyConverterTests" */ = {
			isa = XCConfigurationList;
			buildConfigurations = (
				7F4DFA021C151947004F5C62 /* Debug */,
				7F4DFA031C151947004F5C62 /* Release */,
			);
			defaultConfigurationIsVisible = 0;
			defaultConfigurationName = Release;
		};
		7F4DFA041C151947004F5C62 /* Build configuration list for PBXNativeTarget "CurrencyConverterUITests" */ = {
			isa = XCConfigurationList;
			buildConfigurations = (
				7F4DFA051C151947004F5C62 /* Debug */,
				7F4DFA061C151947004F5C62 /* Release */,
			);
			defaultConfigurationIsVisible = 0;
			defaultConfigurationName = Release;
		};
/* End XCConfigurationList section */
	};
	rootObject = 7F4DF9C91C151947004F5C62 /* Project object */;
}
